
Microsoft Visual Studio Solution File, Format Version 12.00
# Visual Studio Version 17
VisualStudioVersion = 17.11.35312.102
MinimumVisualStudioVersion = 10.0.40219.1
Project("{2150E333-8FDC-42A3-9474-1A3956D46DE8}") = "src", "src", "{7055B160-C3DC-4539-BDD1-EFF9DBA42C6B}"
EndProject
Project("{9A19103F-16F7-4668-BE54-9A1E7A4F7556}") = "SkyStorage.API", "src\SkyStorage.API\SkyStorage.API.csproj", "{767E22D4-01A3-4365-9135-552535B2E891}"
EndProject
Project("{9A19103F-16F7-4668-BE54-9A1E7A4F7556}") = "SkyStorage.Application", "src\SkyStorage.Application\SkyStorage.Application.csproj", "{C53727D2-27F0-4952-8D47-CC9B7C0DD5A3}"
EndProject
Project("{9A19103F-16F7-4668-BE54-9A1E7A4F7556}") = "SkyStorage.Domain", "src\SkyStorage.Domain\SkyStorage.Domain.csproj", "{3BA6C59B-56D4-4D83-A6A5-579F115C1480}"
EndProject
Project("{9A19103F-16F7-4668-BE54-9A1E7A4F7556}") = "SkyStorage.Infrastructure", "src\SkyStorage.Infrastructure\SkyStorage.Infrastructure.csproj", "{C5DC85DD-5B12-4DB7-A767-D797C6D015D0}"
EndProject
Global
	GlobalSection(SolutionConfigurationPlatforms) = preSolution
		Debug|Any CPU = Debug|Any CPU
		Release|Any CPU = Release|Any CPU
	EndGlobalSection
	GlobalSection(ProjectConfigurationPlatforms) = postSolution
		{767E22D4-01A3-4365-9135-552535B2E891}.Debug|Any CPU.ActiveCfg = Debug|Any CPU
		{767E22D4-01A3-4365-9135-552535B2E891}.Debug|Any CPU.Build.0 = Debug|Any CPU
		{767E22D4-01A3-4365-9135-552535B2E891}.Release|Any CPU.ActiveCfg = Release|Any CPU
		{767E22D4-01A3-4365-9135-552535B2E891}.Release|Any CPU.Build.0 = Release|Any CPU
		{C53727D2-27F0-4952-8D47-CC9B7C0DD5A3}.Debug|Any CPU.ActiveCfg = Debug|Any CPU
		{C53727D2-27F0-4952-8D47-CC9B7C0DD5A3}.Debug|Any CPU.Build.0 = Debug|Any CPU
		{C53727D2-27F0-4952-8D47-CC9B7C0DD5A3}.Release|Any CPU.ActiveCfg = Release|Any CPU
		{C53727D2-27F0-4952-8D47-CC9B7C0DD5A3}.Release|Any CPU.Build.0 = Release|Any CPU
		{3BA6C59B-56D4-4D83-A6A5-579F115C1480}.Debug|Any CPU.ActiveCfg = Debug|Any CPU
		{3BA6C59B-56D4-4D83-A6A5-579F115C1480}.Debug|Any CPU.Build.0 = Debug|Any CPU
		{3BA6C59B-56D4-4D83-A6A5-579F115C1480}.Release|Any CPU.ActiveCfg = Release|Any CPU
		{3BA6C59B-56D4-4D83-A6A5-579F115C1480}.Release|Any CPU.Build.0 = Release|Any CPU
		{C5DC85DD-5B12-4DB7-A767-D797C6D015D0}.Debug|Any CPU.ActiveCfg = Debug|Any CPU
		{C5DC85DD-5B12-4DB7-A767-D797C6D015D0}.Debug|Any CPU.Build.0 = Debug|Any CPU
		{C5DC85DD-5B12-4DB7-A767-D797C6D015D0}.Release|Any CPU.ActiveCfg = Release|Any CPU
		{C5DC85DD-5B12-4DB7-A767-D797C6D015D0}.Release|Any CPU.Build.0 = Release|Any CPU
	EndGlobalSection
	GlobalSection(SolutionProperties) = preSolution
		HideSolutionNode = FALSE
	EndGlobalSection
	GlobalSection(NestedProjects) = preSolution
		{767E22D4-01A3-4365-9135-552535B2E891} = {7055B160-C3DC-4539-BDD1-EFF9DBA42C6B}
		{C53727D2-27F0-4952-8D47-CC9B7C0DD5A3} = {7055B160-C3DC-4539-BDD1-EFF9DBA42C6B}
		{3BA6C59B-56D4-4D83-A6A5-579F115C1480} = {7055B160-C3DC-4539-BDD1-EFF9DBA42C6B}
		{C5DC85DD-5B12-4DB7-A767-D797C6D015D0} = {7055B160-C3DC-4539-BDD1-EFF9DBA42C6B}
	EndGlobalSection
	GlobalSection(ExtensibilityGlobals) = postSolution
		SolutionGuid = {DA4FDEBD-95C1-4D7E-A06E-8C38D5BCBD74}
	EndGlobalSection
EndGlobal
