
Microsoft Visual Studio Solution File, Format Version 12.00
# Visual Studio Version 17
VisualStudioVersion = 17.11.35312.102
MinimumVisualStudioVersion = 10.0.40219.1
Project("{9A19103F-16F7-4668-BE54-9A1E7A4F7556}") = "SkyStorage.API", "SkyStorage.API\SkyStorage.API.csproj", "{737DCACB-1919-4EF7-AB24-F531719A1651}"
EndProject
Project("{FAE04EC0-301F-11D3-BF4B-00C04F79EFBC}") = "SkyStorage.Domain", "SkyStorage.Domain\SkyStorage.Domain.csproj", "{66FDB5DD-4839-4260-96AB-7F7E8CF7A520}"
EndProject
Project("{FAE04EC0-301F-11D3-BF4B-00C04F79EFBC}") = "SkyStorage.Application", "SkyStorage.Application\SkyStorage.Application.csproj", "{7A2FE2F2-BB07-4C3A-990C-F262D85D7FBB}"
EndProject
Project("{FAE04EC0-301F-11D3-BF4B-00C04F79EFBC}") = "SkyStorage.Infrastructure", "SkyStorage.Infrastructure\SkyStorage.Infrastructure.csproj", "{01A001E2-C466-4429-BE42-6760A8972468}"
EndProject
Global
	GlobalSection(SolutionConfigurationPlatforms) = preSolution
		Debug|Any CPU = Debug|Any CPU
		Release|Any CPU = Release|Any CPU
	EndGlobalSection
	GlobalSection(ProjectConfigurationPlatforms) = postSolution
		{737DCACB-1919-4EF7-AB24-F531719A1651}.Debug|Any CPU.ActiveCfg = Debug|Any CPU
		{737DCACB-1919-4EF7-AB24-F531719A1651}.Debug|Any CPU.Build.0 = Debug|Any CPU
		{737DCACB-1919-4EF7-AB24-F531719A1651}.Release|Any CPU.ActiveCfg = Release|Any CPU
		{737DCACB-1919-4EF7-AB24-F531719A1651}.Release|Any CPU.Build.0 = Release|Any CPU
		{66FDB5DD-4839-4260-96AB-7F7E8CF7A520}.Debug|Any CPU.ActiveCfg = Debug|Any CPU
		{66FDB5DD-4839-4260-96AB-7F7E8CF7A520}.Debug|Any CPU.Build.0 = Debug|Any CPU
		{66FDB5DD-4839-4260-96AB-7F7E8CF7A520}.Release|Any CPU.ActiveCfg = Release|Any CPU
		{66FDB5DD-4839-4260-96AB-7F7E8CF7A520}.Release|Any CPU.Build.0 = Release|Any CPU
		{7A2FE2F2-BB07-4C3A-990C-F262D85D7FBB}.Debug|Any CPU.ActiveCfg = Debug|Any CPU
		{7A2FE2F2-BB07-4C3A-990C-F262D85D7FBB}.Debug|Any CPU.Build.0 = Debug|Any CPU
		{7A2FE2F2-BB07-4C3A-990C-F262D85D7FBB}.Release|Any CPU.ActiveCfg = Release|Any CPU
		{7A2FE2F2-BB07-4C3A-990C-F262D85D7FBB}.Release|Any CPU.Build.0 = Release|Any CPU
		{01A001E2-C466-4429-BE42-6760A8972468}.Debug|Any CPU.ActiveCfg = Debug|Any CPU
		{01A001E2-C466-4429-BE42-6760A8972468}.Debug|Any CPU.Build.0 = Debug|Any CPU
		{01A001E2-C466-4429-BE42-6760A8972468}.Release|Any CPU.ActiveCfg = Release|Any CPU
		{01A001E2-C466-4429-BE42-6760A8972468}.Release|Any CPU.Build.0 = Release|Any CPU
	EndGlobalSection
	GlobalSection(SolutionProperties) = preSolution
		HideSolutionNode = FALSE
	EndGlobalSection
	GlobalSection(ExtensibilityGlobals) = postSolution
		SolutionGuid = {DA4FDEBD-95C1-4D7E-A06E-8C38D5BCBD74}
	EndGlobalSection
EndGlobal
